
Microsoft Visual Studio Solution File, Format Version 9.00
# Visual C# Express 2005
Project("{FAE04EC0-301F-11D3-BF4B-00C04F79EFBC}") = "DSRUtilityDemo", "DSRUtilityDemo\DSRUtilityDemo.csproj", "{68BF505F-BD50-4CBA-B5FA-2567C81127FD}"
EndProject
Global
	GlobalSection(SolutionConfigurationPlatforms) = preSolution
		Debug|Any CPU = Debug|Any CPU
		Release|Any CPU = Release|Any CPU
	EndGlobalSection
	GlobalSection(ProjectConfigurationPlatforms) = postSolution
		{68BF505F-BD50-4CBA-B5FA-2567C81127FD}.Debug|Any CPU.ActiveCfg = Debug|Any CPU
		{68BF505F-BD50-4CBA-B5FA-2567C81127FD}.Debug|Any CPU.Build.0 = Debug|Any CPU
		{68BF505F-BD50-4CBA-B5FA-2567C81127FD}.Release|Any CPU.ActiveCfg = Release|Any CPU
		{68BF505F-BD50-4CBA-B5FA-2567C81127FD}.Release|Any CPU.Build.0 = Release|Any CPU
	EndGlobalSection
	GlobalSection(SolutionProperties) = preSolution
		HideSolutionNode = FALSE
	EndGlobalSection
EndGlobal
