
Microsoft Visual Studio Solution File, Format Version 9.00
# Visual C# Express 2005
Project("{FAE04EC0-301F-11D3-BF4B-00C04F79EFBC}") = "TestHarness", "TestHarness.csproj", "{59D929DF-8D20-497E-B7E4-F2F788B07CE2}"
EndProject
Global
	GlobalSection(SolutionConfigurationPlatforms) = preSolution
		Debug|Any CPU = Debug|Any CPU
		Release|Any CPU = Release|Any CPU
	EndGlobalSection
	GlobalSection(ProjectConfigurationPlatforms) = postSolution
		{59D929DF-8D20-497E-B7E4-F2F788B07CE2}.Debug|Any CPU.ActiveCfg = Debug|Any CPU
		{59D929DF-8D20-497E-B7E4-F2F788B07CE2}.Debug|Any CPU.Build.0 = Debug|Any CPU
		{59D929DF-8D20-497E-B7E4-F2F788B07CE2}.Release|Any CPU.ActiveCfg = Release|Any CPU
		{59D929DF-8D20-497E-B7E4-F2F788B07CE2}.Release|Any CPU.Build.0 = Release|Any CPU
	EndGlobalSection
	GlobalSection(SolutionProperties) = preSolution
		HideSolutionNode = FALSE
	EndGlobalSection
EndGlobal
