Microsoft Visual Studio Solution File, Format Version 8.00
Project("{F184B08F-C81C-45F6-A57F-5ABD9991F28F}") = "JrNetTest", "JrNetTest.vbproj", "{0735F987-80E9-494F-9DA0-D18502574D35}"
	ProjectSection(ProjectDependencies) = postProject
	EndProjectSection
EndProject
Global
	GlobalSection(SolutionConfiguration) = preSolution
		Debug = Debug
		Release = Release
	EndGlobalSection
	GlobalSection(ProjectDependencies) = postSolution
	EndGlobalSection
	GlobalSection(ProjectConfiguration) = postSolution
		{0735F987-80E9-494F-9DA0-D18502574D35}.Debug.ActiveCfg = Debug|.NET
		{0735F987-80E9-494F-9DA0-D18502574D35}.Debug.Build.0 = Debug|.NET
		{0735F987-80E9-494F-9DA0-D18502574D35}.Release.ActiveCfg = Release|.NET
		{0735F987-80E9-494F-9DA0-D18502574D35}.Release.Build.0 = Release|.NET
	EndGlobalSection
	GlobalSection(ExtensibilityGlobals) = postSolution
	EndGlobalSection
	GlobalSection(ExtensibilityAddIns) = postSolution
	EndGlobalSection
EndGlobal
