
Microsoft Visual Studio Solution File, Format Version 11.00
# Visual Studio 2010
Project("{FAE04EC0-301F-11D3-BF4B-00C04F79EFBC}") = "RemotingClientLib", "RemotingClientLib\RemotingClientLib.csproj", "{C0D35B2A-C0A1-43AE-BDC1-FAB143572FF6}"
EndProject
Global
	GlobalSection(TeamFoundationVersionControl) = preSolution
		SccNumberOfProjects = 2
		SccEnterpriseProvider = {4CA58AB2-18FA-4F8D-95D4-32DDF27D184C}
		SccTeamFoundationServer = http://bmtdevtfs1:8080/tfs/exchequer
		SccLocalPath0 = .
		SccProjectUniqueName1 = RemotingClientLib\\RemotingClientLib.csproj
		SccProjectName1 = RemotingClientLib
		SccLocalPath1 = RemotingClientLib
	EndGlobalSection
	GlobalSection(SolutionConfigurationPlatforms) = preSolution
		Debug|Any CPU = Debug|Any CPU
		Release|Any CPU = Release|Any CPU
	EndGlobalSection
	GlobalSection(ProjectConfigurationPlatforms) = postSolution
		{C0D35B2A-C0A1-43AE-BDC1-FAB143572FF6}.Debug|Any CPU.ActiveCfg = Debug|Any CPU
		{C0D35B2A-C0A1-43AE-BDC1-FAB143572FF6}.Debug|Any CPU.Build.0 = Debug|Any CPU
		{C0D35B2A-C0A1-43AE-BDC1-FAB143572FF6}.Release|Any CPU.ActiveCfg = Release|Any CPU
		{C0D35B2A-C0A1-43AE-BDC1-FAB143572FF6}.Release|Any CPU.Build.0 = Release|Any CPU
	EndGlobalSection
	GlobalSection(SolutionProperties) = preSolution
		HideSolutionNode = FALSE
	EndGlobalSection
EndGlobal
