Microsoft Visual Studio Solution File, Format Version 8.00
Project("{FAE04EC0-301F-11D3-BF4B-00C04F79EFBC}") = "JrNetTest", "JrNetTest.csproj", "{0735F987-80E9-494F-9DA0-D18502574D35}"
	ProjectSection(ProjectDependencies) = postProject
	EndProjectSection
EndProject
Global
	GlobalSection(SolutionConfiguration) = preSolution
		Debug = Debug
		Release = Release
	EndGlobalSection
	GlobalSection(ProjectDependencies) = postSolution
	EndGlobalSection
	GlobalSection(ProjectConfiguration) = postSolution
		{0735F987-80E9-494F-9DA0-D18502574D35}.Debug.ActiveCfg = Debug|.NET
		{0735F987-80E9-494F-9DA0-D18502574D35}.Debug.Build.0 = Debug|.NET
		{0735F987-80E9-494F-9DA0-D18502574D35}.Release.ActiveCfg = Release|.NET
		{0735F987-80E9-494F-9DA0-D18502574D35}.Release.Build.0 = Release|.NET
	EndGlobalSection
	GlobalSection(ExtensibilityGlobals) = postSolution
	EndGlobalSection
	GlobalSection(ExtensibilityAddIns) = postSolution
	EndGlobalSection
EndGlobal
